
Microsoft Visual Studio Solution File, Format Version 12.00
# Visual Studio Version 16
VisualStudioVersion = 16.0.33328.57
MinimumVisualStudioVersion = 10.0.40219.1
Project("{FAE04EC0-301F-11D3-BF4B-00C04F79EFBC}") = "LabNetPractica2", "LabNetPractica2.csproj", "{BA2038FF-7F05-48DA-9E7F-01CD9AEC4C2C}"
EndProject
Project("{FAE04EC0-301F-11D3-BF4B-00C04F79EFBC}") = "LabNetPractica2Tests1", "..\LabNetPractica2Tests1\LabNetPractica2Tests1.csproj", "{A1313F27-4251-474A-AAE3-0ABF278F28CC}"
EndProject
Global
	GlobalSection(SolutionConfigurationPlatforms) = preSolution
		Debug|Any CPU = Debug|Any CPU
		Release|Any CPU = Release|Any CPU
	EndGlobalSection
	GlobalSection(ProjectConfigurationPlatforms) = postSolution
		{BA2038FF-7F05-48DA-9E7F-01CD9AEC4C2C}.Debug|Any CPU.ActiveCfg = Debug|Any CPU
		{BA2038FF-7F05-48DA-9E7F-01CD9AEC4C2C}.Debug|Any CPU.Build.0 = Debug|Any CPU
		{BA2038FF-7F05-48DA-9E7F-01CD9AEC4C2C}.Release|Any CPU.ActiveCfg = Release|Any CPU
		{BA2038FF-7F05-48DA-9E7F-01CD9AEC4C2C}.Release|Any CPU.Build.0 = Release|Any CPU
		{A1313F27-4251-474A-AAE3-0ABF278F28CC}.Debug|Any CPU.ActiveCfg = Debug|Any CPU
		{A1313F27-4251-474A-AAE3-0ABF278F28CC}.Debug|Any CPU.Build.0 = Debug|Any CPU
		{A1313F27-4251-474A-AAE3-0ABF278F28CC}.Release|Any CPU.ActiveCfg = Release|Any CPU
		{A1313F27-4251-474A-AAE3-0ABF278F28CC}.Release|Any CPU.Build.0 = Release|Any CPU
	EndGlobalSection
	GlobalSection(SolutionProperties) = preSolution
		HideSolutionNode = FALSE
	EndGlobalSection
	GlobalSection(ExtensibilityGlobals) = postSolution
		SolutionGuid = {68AD2835-8CFF-40A0-92B7-C75DB9C7AD63}
	EndGlobalSection
EndGlobal
